
Microsoft Visual Studio Solution File, Format Version 12.00
# Visual Studio 15
VisualStudioVersion = 15.0.27703.2035
MinimumVisualStudioVersion = 10.0.40219.1
Project("{FAE04EC0-301F-11D3-BF4B-00C04F79EFBC}") = "MadLibsGUI", "MadLibsGUI\MadLibsGUI.csproj", "{8AA43F61-942A-4794-A13D-543B07BF0C88}"
EndProject
Global
	GlobalSection(SolutionConfigurationPlatforms) = preSolution
		Debug|Any CPU = Debug|Any CPU
		Release|Any CPU = Release|Any CPU
	EndGlobalSection
	GlobalSection(ProjectConfigurationPlatforms) = postSolution
		{8AA43F61-942A-4794-A13D-543B07BF0C88}.Debug|Any CPU.ActiveCfg = Debug|Any CPU
		{8AA43F61-942A-4794-A13D-543B07BF0C88}.Debug|Any CPU.Build.0 = Debug|Any CPU
		{8AA43F61-942A-4794-A13D-543B07BF0C88}.Release|Any CPU.ActiveCfg = Release|Any CPU
		{8AA43F61-942A-4794-A13D-543B07BF0C88}.Release|Any CPU.Build.0 = Release|Any CPU
	EndGlobalSection
	GlobalSection(SolutionProperties) = preSolution
		HideSolutionNode = FALSE
	EndGlobalSection
	GlobalSection(ExtensibilityGlobals) = postSolution
		SolutionGuid = {A9544A92-322E-4576-B29E-1DF29C17D2D0}
	EndGlobalSection
EndGlobal
