
Microsoft Visual Studio Solution File, Format Version 12.00
# Visual Studio 15
VisualStudioVersion = 15.0.27703.2035
MinimumVisualStudioVersion = 10.0.40219.1
Project("{FAE04EC0-301F-11D3-BF4B-00C04F79EFBC}") = "ProjectedRaiseGUI", "ProjectedRaiseGUI\ProjectedRaiseGUI.csproj", "{D159E8F2-2D6F-40D0-B78E-A1DB3AD54AFB}"
EndProject
Global
	GlobalSection(SolutionConfigurationPlatforms) = preSolution
		Debug|Any CPU = Debug|Any CPU
		Release|Any CPU = Release|Any CPU
	EndGlobalSection
	GlobalSection(ProjectConfigurationPlatforms) = postSolution
		{D159E8F2-2D6F-40D0-B78E-A1DB3AD54AFB}.Debug|Any CPU.ActiveCfg = Debug|Any CPU
		{D159E8F2-2D6F-40D0-B78E-A1DB3AD54AFB}.Debug|Any CPU.Build.0 = Debug|Any CPU
		{D159E8F2-2D6F-40D0-B78E-A1DB3AD54AFB}.Release|Any CPU.ActiveCfg = Release|Any CPU
		{D159E8F2-2D6F-40D0-B78E-A1DB3AD54AFB}.Release|Any CPU.Build.0 = Release|Any CPU
	EndGlobalSection
	GlobalSection(SolutionProperties) = preSolution
		HideSolutionNode = FALSE
	EndGlobalSection
	GlobalSection(ExtensibilityGlobals) = postSolution
		SolutionGuid = {0AB374C4-A85F-4B0F-B8B1-0563D8C31077}
	EndGlobalSection
EndGlobal
